
Microsoft Visual Studio Solution File, Format Version 12.00
# Visual Studio Version 17
VisualStudioVersion = 17.3.32929.385
MinimumVisualStudioVersion = 10.0.40219.1
Project("{FAE04EC0-301F-11D3-BF4B-00C04F79EFBC}") = "BackendFinalProjectEduHome", "BackendFinalProjectEduHome\BackendFinalProjectEduHome.csproj", "{87A74A44-76BC-41F5-88F8-ACD3307F88CC}"
EndProject
Global
	GlobalSection(SolutionConfigurationPlatforms) = preSolution
		Debug|Any CPU = Debug|Any CPU
		Release|Any CPU = Release|Any CPU
	EndGlobalSection
	GlobalSection(ProjectConfigurationPlatforms) = postSolution
		{87A74A44-76BC-41F5-88F8-ACD3307F88CC}.Debug|Any CPU.ActiveCfg = Debug|Any CPU
		{87A74A44-76BC-41F5-88F8-ACD3307F88CC}.Debug|Any CPU.Build.0 = Debug|Any CPU
		{87A74A44-76BC-41F5-88F8-ACD3307F88CC}.Release|Any CPU.ActiveCfg = Release|Any CPU
		{87A74A44-76BC-41F5-88F8-ACD3307F88CC}.Release|Any CPU.Build.0 = Release|Any CPU
	EndGlobalSection
	GlobalSection(SolutionProperties) = preSolution
		HideSolutionNode = FALSE
	EndGlobalSection
	GlobalSection(ExtensibilityGlobals) = postSolution
		SolutionGuid = {91D6982A-A00B-4253-9650-2C991E45D679}
	EndGlobalSection
EndGlobal
